
Microsoft Visual Studio Solution File, Format Version 12.00
# Visual Studio 15
Project("{FAE04EC0-301F-11D3-BF4B-00C04F79EFBC}") = "PaintBrushDemo", "PaintBrushDemo.csproj", "{5354F5B1-C680-89EC-6927-7710CDA7A4A5}"
EndProject
Project("{FAE04EC0-301F-11D3-BF4B-00C04F79EFBC}") = "PaintBrushDemo.Editor", "PaintBrushDemo.Editor.csproj", "{79FB9A19-5AFE-98DD-62F7-40267015963F}"
EndProject
Global
	GlobalSection(SolutionConfigurationPlatforms) = preSolution
		Debug|Any CPU = Debug|Any CPU
		Release|Any CPU = Release|Any CPU
	EndGlobalSection
	GlobalSection(ProjectConfigurationPlatforms) = postSolution
		{5354F5B1-C680-89EC-6927-7710CDA7A4A5}.Debug|Any CPU.ActiveCfg = Debug|Any CPU
		{5354F5B1-C680-89EC-6927-7710CDA7A4A5}.Debug|Any CPU.Build.0 = Debug|Any CPU
		{5354F5B1-C680-89EC-6927-7710CDA7A4A5}.Release|Any CPU.ActiveCfg = Release|Any CPU
		{5354F5B1-C680-89EC-6927-7710CDA7A4A5}.Release|Any CPU.Build.0 = Release|Any CPU
		{79FB9A19-5AFE-98DD-62F7-40267015963F}.Debug|Any CPU.ActiveCfg = Debug|Any CPU
		{79FB9A19-5AFE-98DD-62F7-40267015963F}.Debug|Any CPU.Build.0 = Debug|Any CPU
		{79FB9A19-5AFE-98DD-62F7-40267015963F}.Release|Any CPU.ActiveCfg = Release|Any CPU
		{79FB9A19-5AFE-98DD-62F7-40267015963F}.Release|Any CPU.Build.0 = Release|Any CPU
	EndGlobalSection
	GlobalSection(SolutionProperties) = preSolution
		HideSolutionNode = FALSE
	EndGlobalSection
EndGlobal
